github.com/google/go-cmp v0.5.8 h1:e6P7q2lk1O+qJJb4BtCQXlK8vWEO8V1ZeuEdJNOqZyg=
github.com/google/go-cmp v0.5.8/go.mod h1:17dUlkBOakJ0+DkrSSNjCkIjxS6bF9zb3elmeNGIjoY=
github.com/google/go-cmp v0.5.9 h1:O2Tfq5qg4qc4AmwVlvv0oLiVAGB7enBSJ2x2DqQFi38=
github.com/google/go-cmp v0.5.9/go.mod h1:17dUlkBOakJ0+DkrSSNjCkIjxS6bF9zb3elmeNGIjoY=
github.com/kanade0404/tenhou-log v0.0.0-20220630150635-e319e9ca42c2 h1:dsl3dVIT4k5z3uF8OsESXgnsTNGZQ9vrO9gGbCp8ZkA=
github.com/kanade0404/tenhou-log v0.0.0-20220630150635-e319e9ca42c2/go.mod h1:r6EMLLZYt1eu4tv2h4LhT/fApAZmFpRr+5V9QwC6opA=
github.com/kanade0404/tenhou-log v0.0.0-20220923114639-ac5ffba82470 h1:ENeYBZaM23dup3WhpYChwOUrPAgZyRvnExvXcU/FCEc=
github.com/kanade0404/tenhou-log v0.0.0-20220923114639-ac5ffba82470/go.mod h1:ZtI4hMg1ozIWl99w23iz1TB+BUOqdVjmygQyawbyt7Y=
github.com/kanade0404/tenhou-log v0.0.0-20220926011300-748c8b8f235f h1:tNtHtZKn/deaJFTlS4Xl1o3CLiqtaZtAFUd/EVoX58w=
github.com/kanade0404/tenhou-log v0.0.0-20220926011300-748c8b8f235f/go.mod h1:ZtI4hMg1ozIWl99w23iz1TB+BUOqdVjmygQyawbyt7Y=
github.com/kanade0404/tenhou-log v0.0.0-20220927030124-271dc457accd h1:mfMz34q6aq5c0w79+o4hbr5u22SvqBsE9zFF9Z4Kzt8=
github.com/kanade0404/tenhou-log v0.0.0-20220927030124-271dc457accd/go.mod h1:ZtI4hMg1ozIWl99w23iz1TB+BUOqdVjmygQyawbyt7Y=
